
Microsoft Visual Studio Solution File, Format Version 12.00
# Visual Studio 14
VisualStudioVersion = 14.0.25420.1
MinimumVisualStudioVersion = 10.0.40219.1
Project("{FAE04EC0-301F-11D3-BF4B-00C04F79EFBC}") = "NISIApp", "NISIApp\NISIApp.csproj", "{F9D1326F-38D1-40D6-BFDA-4CFA12F4B15E}"
EndProject
Project("{FAE04EC0-301F-11D3-BF4B-00C04F79EFBC}") = "TestApp", "TestApp\TestApp.csproj", "{43DA6578-5415-4867-BCA0-0CD4AE7B08E4}"
EndProject
Global
	GlobalSection(SolutionConfigurationPlatforms) = preSolution
		Debug|Any CPU = Debug|Any CPU
		Release|Any CPU = Release|Any CPU
	EndGlobalSection
	GlobalSection(ProjectConfigurationPlatforms) = postSolution
		{F9D1326F-38D1-40D6-BFDA-4CFA12F4B15E}.Debug|Any CPU.ActiveCfg = Debug|Any CPU
		{F9D1326F-38D1-40D6-BFDA-4CFA12F4B15E}.Debug|Any CPU.Build.0 = Debug|Any CPU
		{F9D1326F-38D1-40D6-BFDA-4CFA12F4B15E}.Debug|Any CPU.Deploy.0 = Debug|Any CPU
		{F9D1326F-38D1-40D6-BFDA-4CFA12F4B15E}.Release|Any CPU.ActiveCfg = Release|Any CPU
		{F9D1326F-38D1-40D6-BFDA-4CFA12F4B15E}.Release|Any CPU.Build.0 = Release|Any CPU
		{F9D1326F-38D1-40D6-BFDA-4CFA12F4B15E}.Release|Any CPU.Deploy.0 = Release|Any CPU
		{43DA6578-5415-4867-BCA0-0CD4AE7B08E4}.Debug|Any CPU.ActiveCfg = Debug|Any CPU
		{43DA6578-5415-4867-BCA0-0CD4AE7B08E4}.Debug|Any CPU.Build.0 = Debug|Any CPU
		{43DA6578-5415-4867-BCA0-0CD4AE7B08E4}.Release|Any CPU.ActiveCfg = Release|Any CPU
		{43DA6578-5415-4867-BCA0-0CD4AE7B08E4}.Release|Any CPU.Build.0 = Release|Any CPU
	EndGlobalSection
	GlobalSection(SolutionProperties) = preSolution
		HideSolutionNode = FALSE
	EndGlobalSection
EndGlobal
